// !$*UTF8*$!
{
	archiveVersion = 1;
	classes = {
	};
	objectVersion = 50;
	objects = {

/* Begin PBXBuildFile section */
		220276D4220F5F2300D05DE2 /* AppDelegate.swift in Sources */ = {isa = PBXBuildFile; fileRef = 220276D3220F5F2300D05DE2 /* AppDelegate.swift */; };
		220276D6220F5F2300D05DE2 /* ViewController.swift in Sources */ = {isa = PBXBuildFile; fileRef = 220276D5220F5F2300D05DE2 /* ViewController.swift */; };
		220276D9220F5F2300D05DE2 /* Main.storyboard in Resources */ = {isa = PBXBuildFile; fileRef = 220276D7220F5F2300D05DE2 /* Main.storyboard */; };
		220276DC220F5F2300D05DE2 /* Person_UI.xcdatamodeld in Sources */ = {isa = PBXBuildFile; fileRef = 220276DA220F5F2300D05DE2 /* Person_UI.xcdatamodeld */; };
		220276DE220F5F2500D05DE2 /* Assets.xcassets in Resources */ = {isa = PBXBuildFile; fileRef = 220276DD220F5F2500D05DE2 /* Assets.xcassets */; };
		220276E1220F5F2500D05DE2 /* LaunchScreen.storyboard in Resources */ = {isa = PBXBuildFile; fileRef = 220276DF220F5F2500D05DE2 /* LaunchScreen.storyboard */; };
		220276EC220F5F2500D05DE2 /* Person_UIUITests.swift in Sources */ = {isa = PBXBuildFile; fileRef = 220276EB220F5F2500D05DE2 /* Person_UIUITests.swift */; };
/* End PBXBuildFile section */

/* Begin PBXContainerItemProxy section */
		220276E8220F5F2500D05DE2 /* PBXContainerItemProxy */ = {
			isa = PBXContainerItemProxy;
			containerPortal = 220276C8220F5F2300D05DE2 /* Project object */;
			proxyType = 1;
			remoteGlobalIDString = 220276CF220F5F2300D05DE2;
			remoteInfo = "Person UI";
		};
/* End PBXContainerItemProxy section */

/* Begin PBXFileReference section */
		220276D0220F5F2300D05DE2 /* Person UI.app */ = {isa = PBXFileReference; explicitFileType = wrapper.application; includeInIndex = 0; path = "Person UI.app"; sourceTree = BUILT_PRODUCTS_DIR; };
		220276D3220F5F2300D05DE2 /* AppDelegate.swift */ = {isa = PBXFileReference; lastKnownFileType = sourcecode.swift; path = AppDelegate.swift; sourceTree = "<group>"; };
		220276D5220F5F2300D05DE2 /* ViewController.swift */ = {isa = PBXFileReference; lastKnownFileType = sourcecode.swift; path = ViewController.swift; sourceTree = "<group>"; };
		220276D8220F5F2300D05DE2 /* Base */ = {isa = PBXFileReference; lastKnownFileType = file.storyboard; name = Base; path = Base.lproj/Main.storyboard; sourceTree = "<group>"; };
		220276DB220F5F2300D05DE2 /* Person_UI.xcdatamodel */ = {isa = PBXFileReference; lastKnownFileType = wrapper.xcdatamodel; path = Person_UI.xcdatamodel; sourceTree = "<group>"; };
		220276DD220F5F2500D05DE2 /* Assets.xcassets */ = {isa = PBXFileReference; lastKnownFileType = folder.assetcatalog; path = Assets.xcassets; sourceTree = "<group>"; };
		220276E0220F5F2500D05DE2 /* Base */ = {isa = PBXFileReference; lastKnownFileType = file.storyboard; name = Base; path = Base.lproj/LaunchScreen.storyboard; sourceTree = "<group>"; };
		220276E2220F5F2500D05DE2 /* Info.plist */ = {isa = PBXFileReference; lastKnownFileType = text.plist.xml; path = Info.plist; sourceTree = "<group>"; };
		220276E7220F5F2500D05DE2 /* Person UIUITests.xctest */ = {isa = PBXFileReference; explicitFileType = wrapper.cfbundle; includeInIndex = 0; path = "Person UIUITests.xctest"; sourceTree = BUILT_PRODUCTS_DIR; };
		220276EB220F5F2500D05DE2 /* Person_UIUITests.swift */ = {isa = PBXFileReference; lastKnownFileType = sourcecode.swift; path = Person_UIUITests.swift; sourceTree = "<group>"; };
		220276ED220F5F2500D05DE2 /* Info.plist */ = {isa = PBXFileReference; lastKnownFileType = text.plist.xml; path = Info.plist; sourceTree = "<group>"; };
/* End PBXFileReference section */

/* Begin PBXFrameworksBuildPhase section */
		220276CD220F5F2300D05DE2 /* Frameworks */ = {
			isa = PBXFrameworksBuildPhase;
			buildActionMask = 2147483647;
			files = (
			);
			runOnlyForDeploymentPostprocessing = 0;
		};
		220276E4220F5F2500D05DE2 /* Frameworks */ = {
			isa = PBXFrameworksBuildPhase;
			buildActionMask = 2147483647;
			files = (
			);
			runOnlyForDeploymentPostprocessing = 0;
		};
/* End PBXFrameworksBuildPhase section */

/* Begin PBXGroup section */
		220276C7220F5F2300D05DE2 = {
			isa = PBXGroup;
			children = (
				220276D2220F5F2300D05DE2 /* Person UI */,
				220276EA220F5F2500D05DE2 /* Person UIUITests */,
				220276D1220F5F2300D05DE2 /* Products */,
			);
			sourceTree = "<group>";
		};
		220276D1220F5F2300D05DE2 /* Products */ = {
			isa = PBXGroup;
			children = (
				220276D0220F5F2300D05DE2 /* Person UI.app */,
				220276E7220F5F2500D05DE2 /* Person UIUITests.xctest */,
			);
			name = Products;
			sourceTree = "<group>";
		};
		220276D2220F5F2300D05DE2 /* Person UI */ = {
			isa = PBXGroup;
			children = (
				220276D3220F5F2300D05DE2 /* AppDelegate.swift */,
				220276D5220F5F2300D05DE2 /* ViewController.swift */,
				220276D7220F5F2300D05DE2 /* Main.storyboard */,
				220276DD220F5F2500D05DE2 /* Assets.xcassets */,
				220276DF220F5F2500D05DE2 /* LaunchScreen.storyboard */,
				220276E2220F5F2500D05DE2 /* Info.plist */,
				220276DA220F5F2300D05DE2 /* Person_UI.xcdatamodeld */,
			);
			path = "Person UI";
			sourceTree = "<group>";
		};
		220276EA220F5F2500D05DE2 /* Person UIUITests */ = {
			isa = PBXGroup;
			children = (
				220276EB220F5F2500D05DE2 /* Person_UIUITests.swift */,
				220276ED220F5F2500D05DE2 /* Info.plist */,
			);
			path = "Person UIUITests";
			sourceTree = "<group>";
		};
/* End PBXGroup section */

/* Begin PBXNativeTarget section */
		220276CF220F5F2300D05DE2 /* Person UI */ = {
			isa = PBXNativeTarget;
			buildConfigurationList = 220276F0220F5F2500D05DE2 /* Build configuration list for PBXNativeTarget "Person UI" */;
			buildPhases = (
				220276CC220F5F2300D05DE2 /* Sources */,
				220276CD220F5F2300D05DE2 /* Frameworks */,
				220276CE220F5F2300D05DE2 /* Resources */,
			);
			buildRules = (
			);
			dependencies = (
			);
			name = "Person UI";
			productName = "Person UI";
			productReference = 220276D0220F5F2300D05DE2 /* Person UI.app */;
			productType = "com.apple.product-type.application";
		};
		220276E6220F5F2500D05DE2 /* Person UIUITests */ = {
			isa = PBXNativeTarget;
			buildConfigurationList = 220276F3220F5F2500D05DE2 /* Build configuration list for PBXNativeTarget "Person UIUITests" */;
			buildPhases = (
				220276E3220F5F2500D05DE2 /* Sources */,
				220276E4220F5F2500D05DE2 /* Frameworks */,
				220276E5220F5F2500D05DE2 /* Resources */,
			);
			buildRules = (
			);
			dependencies = (
				220276E9220F5F2500D05DE2 /* PBXTargetDependency */,
			);
			name = "Person UIUITests";
			productName = "Person UIUITests";
			productReference = 220276E7220F5F2500D05DE2 /* Person UIUITests.xctest */;
			productType = "com.apple.product-type.bundle.ui-testing";
		};
/* End PBXNativeTarget section */

/* Begin PBXProject section */
		220276C8220F5F2300D05DE2 /* Project object */ = {
			isa = PBXProject;
			attributes = {
				LastSwiftUpdateCheck = 1010;
				LastUpgradeCheck = 1010;
				ORGANIZATIONNAME = "Dylan barrett";
				TargetAttributes = {
					220276CF220F5F2300D05DE2 = {
						CreatedOnToolsVersion = 10.1;
					};
					220276E6220F5F2500D05DE2 = {
						CreatedOnToolsVersion = 10.1;
						TestTargetID = 220276CF220F5F2300D05DE2;
					};
				};
			};
			buildConfigurationList = 220276CB220F5F2300D05DE2 /* Build configuration list for PBXProject "Person UI" */;
			compatibilityVersion = "Xcode 9.3";
			developmentRegion = en;
			hasScannedForEncodings = 0;
			knownRegions = (
				en,
				Base,
			);
			mainGroup = 220276C7220F5F2300D05DE2;
			productRefGroup = 220276D1220F5F2300D05DE2 /* Products */;
			projectDirPath = "";
			projectRoot = "";
			targets = (
				220276CF220F5F2300D05DE2 /* Person UI */,
				220276E6220F5F2500D05DE2 /* Person UIUITests */,
			);
		};
/* End PBXProject section */

/* Begin PBXResourcesBuildPhase section */
		220276CE220F5F2300D05DE2 /* Resources */ = {
			isa = PBXResourcesBuildPhase;
			buildActionMask = 2147483647;
			files = (
				220276E1220F5F2500D05DE2 /* LaunchScreen.storyboard in Resources */,
				220276DE220F5F2500D05DE2 /* Assets.xcassets in Resources */,
				220276D9220F5F2300D05DE2 /* Main.storyboard in Resources */,
			);
			runOnlyForDeploymentPostprocessing = 0;
		};
		220276E5220F5F2500D05DE2 /* Resources */ = {
			isa = PBXResourcesBuildPhase;
			buildActionMask = 2147483647;
			files = (
			);
			runOnlyForDeploymentPostprocessing = 0;
		};
/* End PBXResourcesBuildPhase section */

/* Begin PBXSourcesBuildPhase section */
		220276CC220F5F2300D05DE2 /* Sources */ = {
			isa = PBXSourcesBuildPhase;
			buildActionMask = 2147483647;
			files = (
				220276DC220F5F2300D05DE2 /* Person_UI.xcdatamodeld in Sources */,
				220276D6220F5F2300D05DE2 /* ViewController.swift in Sources */,
				220276D4220F5F2300D05DE2 /* AppDelegate.swift in Sources */,
			);
			runOnlyForDeploymentPostprocessing = 0;
		};
		220276E3220F5F2500D05DE2 /* Sources */ = {
			isa = PBXSourcesBuildPhase;
			buildActionMask = 2147483647;
			files = (
				220276EC220F5F2500D05DE2 /* Person_UIUITests.swift in Sources */,
			);
			runOnlyForDeploymentPostprocessing = 0;
		};
/* End PBXSourcesBuildPhase section */

/* Begin PBXTargetDependency section */
		220276E9220F5F2500D05DE2 /* PBXTargetDependency */ = {
			isa = PBXTargetDependency;
			target = 220276CF220F5F2300D05DE2 /* Person UI */;
			targetProxy = 220276E8220F5F2500D05DE2 /* PBXContainerItemProxy */;
		};
/* End PBXTargetDependency section */

/* Begin PBXVariantGroup section */
		220276D7220F5F2300D05DE2 /* Main.storyboard */ = {
			isa = PBXVariantGroup;
			children = (
				220276D8220F5F2300D05DE2 /* Base */,
			);
			name = Main.storyboard;
			sourceTree = "<group>";
		};
		220276DF220F5F2500D05DE2 /* LaunchScreen.storyboard */ = {
			isa = PBXVariantGroup;
			children = (
				220276E0220F5F2500D05DE2 /* Base */,
			);
			name = LaunchScreen.storyboard;
			sourceTree = "<group>";
		};
/* End PBXVariantGroup section */

/* Begin XCBuildConfiguration section */
		220276EE220F5F2500D05DE2 /* Debug */ = {
			isa = XCBuildConfiguration;
			buildSettings = {
				ALWAYS_SEARCH_USER_PATHS = NO;
				CLANG_ANALYZER_NONNULL = YES;
				CLANG_ANALYZER_NUMBER_OBJECT_CONVERSION = YES_AGGRESSIVE;
				CLANG_CXX_LANGUAGE_STANDARD = "gnu++14";
				CLANG_CXX_LIBRARY = "libc++";
				CLANG_ENABLE_MODULES = YES;
				CLANG_ENABLE_OBJC_ARC = YES;
				CLANG_ENABLE_OBJC_WEAK = YES;
				CLANG_WARN_BLOCK_CAPTURE_AUTORELEASING = YES;
				CLANG_WARN_BOOL_CONVERSION = YES;
				CLANG_WARN_COMMA = YES;
				CLANG_WARN_CONSTANT_CONVERSION = YES;
				CLANG_WARN_DEPRECATED_OBJC_IMPLEMENTATIONS = YES;
				CLANG_WARN_DIRECT_OBJC_ISA_USAGE = YES_ERROR;
				CLANG_WARN_DOCUMENTATION_COMMENTS = YES;
				CLANG_WARN_EMPTY_BODY = YES;
				CLANG_WARN_ENUM_CONVERSION = YES;
				CLANG_WARN_INFINITE_RECURSION = YES;
				CLANG_WARN_INT_CONVERSION = YES;
				CLANG_WARN_NON_LITERAL_NULL_CONVERSION = YES;
				CLANG_WARN_OBJC_IMPLICIT_RETAIN_SELF = YES;
				CLANG_WARN_OBJC_LITERAL_CONVERSION = YES;
				CLANG_WARN_OBJC_ROOT_CLASS = YES_ERROR;
				CLANG_WARN_RANGE_LOOP_ANALYSIS = YES;
				CLANG_WARN_STRICT_PROTOTYPES = YES;
				CLANG_WARN_SUSPICIOUS_MOVE = YES;
				CLANG_WARN_UNGUARDED_AVAILABILITY = YES_AGGRESSIVE;
				CLANG_WARN_UNREACHABLE_CODE = YES;
				CLANG_WARN__DUPLICATE_METHOD_MATCH = YES;
				CODE_SIGN_IDENTITY = "iPhone Developer";
				COPY_PHASE_STRIP = NO;
				DEBUG_INFORMATION_FORMAT = dwarf;
				ENABLE_STRICT_OBJC_MSGSEND = YES;
				ENABLE_TESTABILITY = YES;
				GCC_C_LANGUAGE_STANDARD = gnu11;
				GCC_DYNAMIC_NO_PIC = NO;
				GCC_NO_COMMON_BLOCKS = YES;
				GCC_OPTIMIZATION_LEVEL = 0;
				GCC_PREPROCESSOR_DEFINITIONS = (
					"DEBUG=1",
					"$(inherited)",
				);
				GCC_WARN_64_TO_32_BIT_CONVERSION = YES;
				GCC_WARN_ABOUT_RETURN_TYPE = YES_ERROR;
				GCC_WARN_UNDECLARED_SELECTOR = YES;
				GCC_WARN_UNINITIALIZED_AUTOS = YES_AGGRESSIVE;
				GCC_WARN_UNUSED_FUNCTION = YES;
				GCC_WARN_UNUSED_VARIABLE = YES;
				IPHONEOS_DEPLOYMENT_TARGET = 12.1;
				MTL_ENABLE_DEBUG_INFO = INCLUDE_SOURCE;
				MTL_FAST_MATH = YES;
				ONLY_ACTIVE_ARCH = YES;
				SDKROOT = iphoneos;
				SWIFT_ACTIVE_COMPILATION_CONDITIONS = DEBUG;
				SWIFT_OPTIMIZATION_LEVEL = "-Onone";
			};
			name = Debug;
		};
		220276EF220F5F2500D05DE2 /* Release */ = {
			isa = XCBuildConfiguration;
			buildSettings = {
				ALWAYS_SEARCH_USER_PATHS = NO;
				CLANG_ANALYZER_NONNULL = YES;
				CLANG_ANALYZER_NUMBER_OBJECT_CONVERSION = YES_AGGRESSIVE;
				CLANG_CXX_LANGUAGE_STANDARD = "gnu++14";
				CLANG_CXX_LIBRARY = "libc++";
				CLANG_ENABLE_MODULES = YES;
				CLANG_ENABLE_OBJC_ARC = YES;
				CLANG_ENABLE_OBJC_WEAK = YES;
				CLANG_WARN_BLOCK_CAPTURE_AUTORELEASING = YES;
				CLANG_WARN_BOOL_CONVERSION = YES;
				CLANG_WARN_COMMA = YES;
				CLANG_WARN_CONSTANT_CONVERSION = YES;
				CLANG_WARN_DEPRECATED_OBJC_IMPLEMENTATIONS = YES;
				CLANG_WARN_DIRECT_OBJC_ISA_USAGE = YES_ERROR;
				CLANG_WARN_DOCUMENTATION_COMMENTS = YES;
				CLANG_WARN_EMPTY_BODY = YES;
				CLANG_WARN_ENUM_CONVERSION = YES;
				CLANG_WARN_INFINITE_RECURSION = YES;
				CLANG_WARN_INT_CONVERSION = YES;
				CLANG_WARN_NON_LITERAL_NULL_CONVERSION = YES;
				CLANG_WARN_OBJC_IMPLICIT_RETAIN_SELF = YES;
				CLANG_WARN_OBJC_LITERAL_CONVERSION = YES;
				CLANG_WARN_OBJC_ROOT_CLASS = YES_ERROR;
				CLANG_WARN_RANGE_LOOP_ANALYSIS = YES;
				CLANG_WARN_STRICT_PROTOTYPES = YES;
				CLANG_WARN_SUSPICIOUS_MOVE = YES;
				CLANG_WARN_UNGUARDED_AVAILABILITY = YES_AGGRESSIVE;
				CLANG_WARN_UNREACHABLE_CODE = YES;
				CLANG_WARN__DUPLICATE_METHOD_MATCH = YES;
				CODE_SIGN_IDENTITY = "iPhone Developer";
				COPY_PHASE_STRIP = NO;
				DEBUG_INFORMATION_FORMAT = "dwarf-with-dsym";
				ENABLE_NS_ASSERTIONS = NO;
				ENABLE_STRICT_OBJC_MSGSEND = YES;
				GCC_C_LANGUAGE_STANDARD = gnu11;
				GCC_NO_COMMON_BLOCKS = YES;
				GCC_WARN_64_TO_32_BIT_CONVERSION = YES;
				GCC_WARN_ABOUT_RETURN_TYPE = YES_ERROR;
				GCC_WARN_UNDECLARED_SELECTOR = YES;
				GCC_WARN_UNINITIALIZED_AUTOS = YES_AGGRESSIVE;
				GCC_WARN_UNUSED_FUNCTION = YES;
				GCC_WARN_UNUSED_VARIABLE = YES;
				IPHONEOS_DEPLOYMENT_TARGET = 12.1;
				MTL_ENABLE_DEBUG_INFO = NO;
				MTL_FAST_MATH = YES;
				SDKROOT = iphoneos;
				SWIFT_COMPILATION_MODE = wholemodule;
				SWIFT_OPTIMIZATION_LEVEL = "-O";
				VALIDATE_PRODUCT = YES;
			};
			name = Release;
		};
		220276F1220F5F2500D05DE2 /* Debug */ = {
			isa = XCBuildConfiguration;
			buildSettings = {
				ASSETCATALOG_COMPILER_APPICON_NAME = AppIcon;
				CODE_SIGN_STYLE = Automatic;
				DEVELOPMENT_TEAM = Y6CVK4WK82;
				INFOPLIST_FILE = "Person UI/Info.plist";
				LD_RUNPATH_SEARCH_PATHS = (
					"$(inherited)",
					"@executable_path/Frameworks",
				);
				PRODUCT_BUNDLE_IDENTIFIER = "me.dylanbarrett.Person-UI";
				PRODUCT_NAME = "$(TARGET_NAME)";
				SWIFT_VERSION = 4.2;
				TARGETED_DEVICE_FAMILY = "1,2";
			};
			name = Debug;
		};
		220276F2220F5F2500D05DE2 /* Release */ = {
			isa = XCBuildConfiguration;
			buildSettings = {
				ASSETCATALOG_COMPILER_APPICON_NAME = AppIcon;
				CODE_SIGN_STYLE = Automatic;
				DEVELOPMENT_TEAM = Y6CVK4WK82;
				INFOPLIST_FILE = "Person UI/Info.plist";
				LD_RUNPATH_SEARCH_PATHS = (
					"$(inherited)",
					"@executable_path/Frameworks",
				);
				PRODUCT_BUNDLE_IDENTIFIER = "me.dylanbarrett.Person-UI";
				PRODUCT_NAME = "$(TARGET_NAME)";
				SWIFT_VERSION = 4.2;
				TARGETED_DEVICE_FAMILY = "1,2";
			};
			name = Release;
		};
		220276F4220F5F2500D05DE2 /* Debug */ = {
			isa = XCBuildConfiguration;
			buildSettings = {
				ALWAYS_EMBED_SWIFT_STANDARD_LIBRARIES = YES;
				CODE_SIGN_STYLE = Automatic;
				DEVELOPMENT_TEAM = Y6CVK4WK82;
				INFOPLIST_FILE = "Person UIUITests/Info.plist";
				LD_RUNPATH_SEARCH_PATHS = (
					"$(inherited)",
					"@executable_path/Frameworks",
					"@loader_path/Frameworks",
				);
				PRODUCT_BUNDLE_IDENTIFIER = "me.dylanbarrett.Person-UIUITests";
				PRODUCT_NAME = "$(TARGET_NAME)";
				SWIFT_VERSION = 4.2;
				TARGETED_DEVICE_FAMILY = "1,2";
				TEST_TARGET_NAME = "Person UI";
			};
			name = Debug;
		};
		220276F5220F5F2500D05DE2 /* Release */ = {
			isa = XCBuildConfiguration;
			buildSettings = {
				ALWAYS_EMBED_SWIFT_STANDARD_LIBRARIES = YES;
				CODE_SIGN_STYLE = Automatic;
				DEVELOPMENT_TEAM = Y6CVK4WK82;
				INFOPLIST_FILE = "Person UIUITests/Info.plist";
				LD_RUNPATH_SEARCH_PATHS = (
					"$(inherited)",
					"@executable_path/Frameworks",
					"@loader_path/Frameworks",
				);
				PRODUCT_BUNDLE_IDENTIFIER = "me.dylanbarrett.Person-UIUITests";
				PRODUCT_NAME = "$(TARGET_NAME)";
				SWIFT_VERSION = 4.2;
				TARGETED_DEVICE_FAMILY = "1,2";
				TEST_TARGET_NAME = "Person UI";
			};
			name = Release;
		};
/* End XCBuildConfiguration section */

/* Begin XCConfigurationList section */
		220276CB220F5F2300D05DE2 /* Build configuration list for PBXProject "Person UI" */ = {
			isa = XCConfigurationList;
			buildConfigurations = (
				220276EE220F5F2500D05DE2 /* Debug */,
				220276EF220F5F2500D05DE2 /* Release */,
			);
			defaultConfigurationIsVisible = 0;
			defaultConfigurationName = Release;
		};
		220276F0220F5F2500D05DE2 /* Build configuration list for PBXNativeTarget "Person UI" */ = {
			isa = XCConfigurationList;
			buildConfigurations = (
				220276F1220F5F2500D05DE2 /* Debug */,
				220276F2220F5F2500D05DE2 /* Release */,
			);
			defaultConfigurationIsVisible = 0;
			defaultConfigurationName = Release;
		};
		220276F3220F5F2500D05DE2 /* Build configuration list for PBXNativeTarget "Person UIUITests" */ = {
			isa = XCConfigurationList;
			buildConfigurations = (
				220276F4220F5F2500D05DE2 /* Debug */,
				220276F5220F5F2500D05DE2 /* Release */,
			);
			defaultConfigurationIsVisible = 0;
			defaultConfigurationName = Release;
		};
/* End XCConfigurationList section */

/* Begin XCVersionGroup section */
		220276DA220F5F2300D05DE2 /* Person_UI.xcdatamodeld */ = {
			isa = XCVersionGroup;
			children = (
				220276DB220F5F2300D05DE2 /* Person_UI.xcdatamodel */,
			);
			currentVersion = 220276DB220F5F2300D05DE2 /* Person_UI.xcdatamodel */;
			path = Person_UI.xcdatamodeld;
			sourceTree = "<group>";
			versionGroupType = wrapper.xcdatamodel;
		};
/* End XCVersionGroup section */
	};
	rootObject = 220276C8220F5F2300D05DE2 /* Project object */;
}
